{
  "object": {
    "pins": [
      {
        "package": "GridStack",
        "repositoryURL": "https://github.com/pietropizzi/GridStack",
        "state": {
          "branch": null,
          "revision": "32beadda5eacbb05f4d5195df3b049d5e040f5db",
          "version": "0.4.1"
        }
      },
      {
        "package": "SwiftUIX",
        "repositoryURL": "https://github.com/SwiftUIX/SwiftUIX",
        "state": {
          "branch": "master",
          "revision": "aa1e9afc54fdfec7b038f4bb5dc45148eb0df837",
          "version": null
        }
      }
    ]
  },
  "version": 1
}
